
Microsoft Visual Studio Solution File, Format Version 12.00
# Visual Studio 2012
Project("{FAE04EC0-301F-11D3-BF4B-00C04F79EFBC}") = "Cake.FileHelpers", "Cake.FileHelpers\Cake.FileHelpers.csproj", "{9F390A1D-29CB-4D80-84C6-EF7D1A283DD3}"
EndProject
Project("{FAE04EC0-301F-11D3-BF4B-00C04F79EFBC}") = "Cake.FileHelpers.Tests", "Cake.FileHelpers.Tests\Cake.FileHelpers.Tests.csproj", "{4892D81A-AD1A-442B-B456-B1BF6754C75B}"
EndProject
Global
	GlobalSection(SolutionConfigurationPlatforms) = preSolution
		Debug|Any CPU = Debug|Any CPU
		Release|Any CPU = Release|Any CPU
	EndGlobalSection
	GlobalSection(ProjectConfigurationPlatforms) = postSolution
		{4892D81A-AD1A-442B-B456-B1BF6754C75B}.Debug|Any CPU.ActiveCfg = Debug|Any CPU
		{4892D81A-AD1A-442B-B456-B1BF6754C75B}.Debug|Any CPU.Build.0 = Debug|Any CPU
		{4892D81A-AD1A-442B-B456-B1BF6754C75B}.Release|Any CPU.ActiveCfg = Release|Any CPU
		{4892D81A-AD1A-442B-B456-B1BF6754C75B}.Release|Any CPU.Build.0 = Release|Any CPU
		{9F390A1D-29CB-4D80-84C6-EF7D1A283DD3}.Debug|Any CPU.ActiveCfg = Debug|Any CPU
		{9F390A1D-29CB-4D80-84C6-EF7D1A283DD3}.Debug|Any CPU.Build.0 = Debug|Any CPU
		{9F390A1D-29CB-4D80-84C6-EF7D1A283DD3}.Release|Any CPU.ActiveCfg = Release|Any CPU
		{9F390A1D-29CB-4D80-84C6-EF7D1A283DD3}.Release|Any CPU.Build.0 = Release|Any CPU
	EndGlobalSection
EndGlobal
